
Microsoft Visual Studio Solution File, Format Version 12.00
# Visual Studio Version 16
VisualStudioVersion = 16.0.32126.315
MinimumVisualStudioVersion = 10.0.40219.1
Project("{FAE04EC0-301F-11D3-BF4B-00C04F79EFBC}") = "BilgiYarismasi", "BilgiYarismasi\BilgiYarismasi.csproj", "{2AB3AA54-20B3-49A3-BE55-3D1727484F16}"
EndProject
Global
	GlobalSection(SolutionConfigurationPlatforms) = preSolution
		Debug|Any CPU = Debug|Any CPU
		Release|Any CPU = Release|Any CPU
	EndGlobalSection
	GlobalSection(ProjectConfigurationPlatforms) = postSolution
		{2AB3AA54-20B3-49A3-BE55-3D1727484F16}.Debug|Any CPU.ActiveCfg = Debug|Any CPU
		{2AB3AA54-20B3-49A3-BE55-3D1727484F16}.Debug|Any CPU.Build.0 = Debug|Any CPU
		{2AB3AA54-20B3-49A3-BE55-3D1727484F16}.Release|Any CPU.ActiveCfg = Release|Any CPU
		{2AB3AA54-20B3-49A3-BE55-3D1727484F16}.Release|Any CPU.Build.0 = Release|Any CPU
	EndGlobalSection
	GlobalSection(SolutionProperties) = preSolution
		HideSolutionNode = FALSE
	EndGlobalSection
	GlobalSection(ExtensibilityGlobals) = postSolution
		SolutionGuid = {DA04ABF9-C1B9-4FCD-9457-2C7FF61225B3}
	EndGlobalSection
EndGlobal
